[[package]]
name = "maturin"
version = "0.9.4"
description = "Build and publish crates with pyo3, rust-cpython and cffi bindings as well as rust binaries as python packages"
category = "dev"
optional = false
python-versions = ">=3.5"

[package.dependencies]
toml = ">=0.10.0,<0.11.0"

[[package]]
name = "toml"
version = "0.10.2"
description = "Python Library for Tom's Obvious, Minimal Language"
category = "dev"
optional = false
python-versions = ">=2.6, !=3.0.*, !=3.1.*, !=3.2.*"

[metadata]
lock-version = "1.1"
python-versions = "^3.5"
content-hash = "4947493d3ee32946c9b36d5dc1705bd469b5ca5aed2e073a3d84034be45dd23d"

[metadata.files]
maturin = [
    {file = "maturin-0.9.4-py3-none-macosx_10_7_x86_64.whl", hash = "sha256:79ea854e014e8a601fc1b71eb3bb82bf4d81b62890dee69e4a083cba1f738ce9"},
    {file = "maturin-0.9.4-py3-none-manylinux2014_x86_64.whl", hash = "sha256:e52dfb6bc6f1c1062883fd785466e246d733f9c7eb90a3cd00ff2d4c659d23ca"},
    {file = "maturin-0.9.4-py3-none-manylinux2014_aarch64.whl", hash = "sha256:ea08990ba22b76da8f83e5cd1a75f0ec08c045fa0149901343eba1fccfc2a406"},
    {file = "maturin-0.9.4-py3-none-manylinux2014_armv7l.whl", hash = "sha256:213a69ed4976d078439d2bad148f41f82c919ab98fa85d3d54ebc3ba211a5895"},
    {file = "maturin-0.9.4-py3-none-win32.whl", hash = "sha256:981330c9c46c2e5c6a648ef54809f573fa9bc257151c119089ccf9d3fe9bfb82"},
    {file = "maturin-0.9.4-py3-none-win_amd64.whl", hash = "sha256:07ed1cc166bff8d66245c2112ae58869d3cb3ae47a057de06945ea0eb10337d6"},
    {file = "maturin-0.9.4.tar.gz", hash = "sha256:2e0b0c3eb233e7b776c004ee4b980907beaf2babbe21da05a60ac55c1dff46c3"},
]
toml = [
    {file = "toml-0.10.2-py2.py3-none-any.whl", hash = "sha256:806143ae5bfb6a3c6e736a764057db0e6a0e05e338b5630894a5f779cabb4f9b"},
    {file = "toml-0.10.2.tar.gz", hash = "sha256:b3bda1d108d5dd99f4a20d24d9c348e91c4db7ab1b749200bded2f839ccbe68f"},
]
